
Microsoft Visual Studio Solution File, Format Version 12.00
# Visual Studio 15
VisualStudioVersion = 15.0.28307.329
MinimumVisualStudioVersion = 10.0.40219.1
Project("{FAE04EC0-301F-11D3-BF4B-00C04F79EFBC}") = "ElenaLekomtsevaTestTaskMTC", "ElenaLekomtsevaTestTaskMTC\ElenaLekomtsevaTestTaskMTC.csproj", "{5650D9D7-E022-4EE3-BA06-80465E8918C2}"
EndProject
Project("{FAE04EC0-301F-11D3-BF4B-00C04F79EFBC}") = "ClassMTests", "ClassMTests\ClassMTests.csproj", "{95072024-2011-4781-AC07-11DC2B3831F7}"
EndProject
Global
	GlobalSection(SolutionConfigurationPlatforms) = preSolution
		Debug|Any CPU = Debug|Any CPU
		Release|Any CPU = Release|Any CPU
	EndGlobalSection
	GlobalSection(ProjectConfigurationPlatforms) = postSolution
		{5650D9D7-E022-4EE3-BA06-80465E8918C2}.Debug|Any CPU.ActiveCfg = Debug|Any CPU
		{5650D9D7-E022-4EE3-BA06-80465E8918C2}.Debug|Any CPU.Build.0 = Debug|Any CPU
		{5650D9D7-E022-4EE3-BA06-80465E8918C2}.Release|Any CPU.ActiveCfg = Release|Any CPU
		{5650D9D7-E022-4EE3-BA06-80465E8918C2}.Release|Any CPU.Build.0 = Release|Any CPU
		{95072024-2011-4781-AC07-11DC2B3831F7}.Debug|Any CPU.ActiveCfg = Debug|Any CPU
		{95072024-2011-4781-AC07-11DC2B3831F7}.Debug|Any CPU.Build.0 = Debug|Any CPU
		{95072024-2011-4781-AC07-11DC2B3831F7}.Release|Any CPU.ActiveCfg = Release|Any CPU
		{95072024-2011-4781-AC07-11DC2B3831F7}.Release|Any CPU.Build.0 = Release|Any CPU
	EndGlobalSection
	GlobalSection(SolutionProperties) = preSolution
		HideSolutionNode = FALSE
	EndGlobalSection
	GlobalSection(ExtensibilityGlobals) = postSolution
		SolutionGuid = {C10313DB-F89A-40DB-BC57-CEA4DB40A135}
	EndGlobalSection
EndGlobal
